// !$*UTF8*$!
{
	archiveVersion = 1;
	classes = {
	};
	objectVersion = 55;
	objects = {

/* Begin PBXBuildFile section */
		38179AD0281C476E00937154 /* AppDelegate.swift in Sources */ = {isa = PBXBuildFile; fileRef = 38179ACF281C476E00937154 /* AppDelegate.swift */; };
		38179AD2281C476E00937154 /* SceneDelegate.swift in Sources */ = {isa = PBXBuildFile; fileRef = 38179AD1281C476E00937154 /* SceneDelegate.swift */; };
		38179AD4281C476E00937154 /* MainViewController.swift in Sources */ = {isa = PBXBuildFile; fileRef = 38179AD3281C476E00937154 /* MainViewController.swift */; };
		38179AD7281C476E00937154 /* Main.storyboard in Resources */ = {isa = PBXBuildFile; fileRef = 38179AD5281C476E00937154 /* Main.storyboard */; };
		38179AD9281C477100937154 /* Assets.xcassets in Resources */ = {isa = PBXBuildFile; fileRef = 38179AD8281C477100937154 /* Assets.xcassets */; };
		38179ADC281C477100937154 /* LaunchScreen.storyboard in Resources */ = {isa = PBXBuildFile; fileRef = 38179ADA281C477100937154 /* LaunchScreen.storyboard */; };
		383415FA281D5D3D006817BC /* PromotionCell.swift in Sources */ = {isa = PBXBuildFile; fileRef = 383415F8281D5D3D006817BC /* PromotionCell.swift */; };
		383415FB281D5D3D006817BC /* PromotionCell.xib in Resources */ = {isa = PBXBuildFile; fileRef = 383415F9281D5D3D006817BC /* PromotionCell.xib */; };
		383415FF281D63EC006817BC /* PromotionCellModel.swift in Sources */ = {isa = PBXBuildFile; fileRef = 383415FE281D63EC006817BC /* PromotionCellModel.swift */; };
		38341602281D67F9006817BC /* FilterView.xib in Resources */ = {isa = PBXBuildFile; fileRef = 38341601281D67F9006817BC /* FilterView.xib */; };
		38341604281D6909006817BC /* FilterView.swift in Sources */ = {isa = PBXBuildFile; fileRef = 38341603281D6909006817BC /* FilterView.swift */; };
		38341607281D72E4006817BC /* Car.swift in Sources */ = {isa = PBXBuildFile; fileRef = 38341606281D72E4006817BC /* Car.swift */; };
		3834160D281D798A006817BC /* MainViewPresenter.swift in Sources */ = {isa = PBXBuildFile; fileRef = 3834160C281D798A006817BC /* MainViewPresenter.swift */; };
		3834160F281D79B7006817BC /* MainViewPresenterProtocol.swift in Sources */ = {isa = PBXBuildFile; fileRef = 3834160E281D79B7006817BC /* MainViewPresenterProtocol.swift */; };
		38341612281D7B9C006817BC /* car_list.json in Resources */ = {isa = PBXBuildFile; fileRef = 38341611281D7B9C006817BC /* car_list.json */; };
		38341618281D7FEA006817BC /* CarInfoCell.swift in Sources */ = {isa = PBXBuildFile; fileRef = 38341616281D7FEA006817BC /* CarInfoCell.swift */; };
		38341619281D7FEA006817BC /* CarInfoCell.xib in Resources */ = {isa = PBXBuildFile; fileRef = 38341617281D7FEA006817BC /* CarInfoCell.xib */; };
		3834161B281D80B7006817BC /* Constants.swift in Sources */ = {isa = PBXBuildFile; fileRef = 3834161A281D80B7006817BC /* Constants.swift */; };
/* End PBXBuildFile section */

/* Begin PBXFileReference section */
		38179ACC281C476E00937154 /* TestTaskForBell.app */ = {isa = PBXFileReference; explicitFileType = wrapper.application; includeInIndex = 0; path = TestTaskForBell.app; sourceTree = BUILT_PRODUCTS_DIR; };
		38179ACF281C476E00937154 /* AppDelegate.swift */ = {isa = PBXFileReference; lastKnownFileType = sourcecode.swift; path = AppDelegate.swift; sourceTree = "<group>"; };
		38179AD1281C476E00937154 /* SceneDelegate.swift */ = {isa = PBXFileReference; lastKnownFileType = sourcecode.swift; path = SceneDelegate.swift; sourceTree = "<group>"; };
		38179AD3281C476E00937154 /* MainViewController.swift */ = {isa = PBXFileReference; lastKnownFileType = sourcecode.swift; path = MainViewController.swift; sourceTree = "<group>"; };
		38179AD6281C476E00937154 /* Base */ = {isa = PBXFileReference; lastKnownFileType = file.storyboard; name = Base; path = Base.lproj/Main.storyboard; sourceTree = "<group>"; };
		38179AD8281C477100937154 /* Assets.xcassets */ = {isa = PBXFileReference; lastKnownFileType = folder.assetcatalog; path = Assets.xcassets; sourceTree = "<group>"; };
		38179ADB281C477100937154 /* Base */ = {isa = PBXFileReference; lastKnownFileType = file.storyboard; name = Base; path = Base.lproj/LaunchScreen.storyboard; sourceTree = "<group>"; };
		38179ADD281C477100937154 /* Info.plist */ = {isa = PBXFileReference; lastKnownFileType = text.plist.xml; path = Info.plist; sourceTree = "<group>"; };
		383415F8281D5D3D006817BC /* PromotionCell.swift */ = {isa = PBXFileReference; lastKnownFileType = sourcecode.swift; path = PromotionCell.swift; sourceTree = "<group>"; };
		383415F9281D5D3D006817BC /* PromotionCell.xib */ = {isa = PBXFileReference; lastKnownFileType = file.xib; path = PromotionCell.xib; sourceTree = "<group>"; };
		383415FE281D63EC006817BC /* PromotionCellModel.swift */ = {isa = PBXFileReference; lastKnownFileType = sourcecode.swift; path = PromotionCellModel.swift; sourceTree = "<group>"; };
		38341601281D67F9006817BC /* FilterView.xib */ = {isa = PBXFileReference; lastKnownFileType = file.xib; path = FilterView.xib; sourceTree = "<group>"; };
		38341603281D6909006817BC /* FilterView.swift */ = {isa = PBXFileReference; lastKnownFileType = sourcecode.swift; path = FilterView.swift; sourceTree = "<group>"; };
		38341606281D72E4006817BC /* Car.swift */ = {isa = PBXFileReference; lastKnownFileType = sourcecode.swift; path = Car.swift; sourceTree = "<group>"; };
		3834160C281D798A006817BC /* MainViewPresenter.swift */ = {isa = PBXFileReference; lastKnownFileType = sourcecode.swift; path = MainViewPresenter.swift; sourceTree = "<group>"; };
		3834160E281D79B7006817BC /* MainViewPresenterProtocol.swift */ = {isa = PBXFileReference; lastKnownFileType = sourcecode.swift; path = MainViewPresenterProtocol.swift; sourceTree = "<group>"; };
		38341611281D7B9C006817BC /* car_list.json */ = {isa = PBXFileReference; fileEncoding = 4; lastKnownFileType = text.json; path = car_list.json; sourceTree = "<group>"; };
		38341616281D7FEA006817BC /* CarInfoCell.swift */ = {isa = PBXFileReference; lastKnownFileType = sourcecode.swift; path = CarInfoCell.swift; sourceTree = "<group>"; };
		38341617281D7FEA006817BC /* CarInfoCell.xib */ = {isa = PBXFileReference; lastKnownFileType = file.xib; path = CarInfoCell.xib; sourceTree = "<group>"; };
		3834161A281D80B7006817BC /* Constants.swift */ = {isa = PBXFileReference; lastKnownFileType = sourcecode.swift; path = Constants.swift; sourceTree = "<group>"; };
/* End PBXFileReference section */

/* Begin PBXFrameworksBuildPhase section */
		38179AC9281C476E00937154 /* Frameworks */ = {
			isa = PBXFrameworksBuildPhase;
			buildActionMask = 2147483647;
			files = (
			);
			runOnlyForDeploymentPostprocessing = 0;
		};
/* End PBXFrameworksBuildPhase section */

/* Begin PBXGroup section */
		38179AC3281C476E00937154 = {
			isa = PBXGroup;
			children = (
				38179ACE281C476E00937154 /* TestTaskForBell */,
				38179ACD281C476E00937154 /* Products */,
			);
			sourceTree = "<group>";
		};
		38179ACD281C476E00937154 /* Products */ = {
			isa = PBXGroup;
			children = (
				38179ACC281C476E00937154 /* TestTaskForBell.app */,
			);
			name = Products;
			sourceTree = "<group>";
		};
		38179ACE281C476E00937154 /* TestTaskForBell */ = {
			isa = PBXGroup;
			children = (
				38341610281D7B87006817BC /* Resources */,
				38341608281D7939006817BC /* Controllers */,
				38341605281D72D3006817BC /* Model */,
				383415F6281D5CB1006817BC /* UI */,
				38179ACF281C476E00937154 /* AppDelegate.swift */,
				38179AD1281C476E00937154 /* SceneDelegate.swift */,
				38179AD8281C477100937154 /* Assets.xcassets */,
				38179ADA281C477100937154 /* LaunchScreen.storyboard */,
				38179ADD281C477100937154 /* Info.plist */,
			);
			path = TestTaskForBell;
			sourceTree = "<group>";
		};
		383415F6281D5CB1006817BC /* UI */ = {
			isa = PBXGroup;
			children = (
				38341613281D7F66006817BC /* CarInfoCell */,
				38341600281D67DF006817BC /* FilterView */,
				383415F7281D5CCB006817BC /* PromotionCell */,
			);
			path = UI;
			sourceTree = "<group>";
		};
		383415F7281D5CCB006817BC /* PromotionCell */ = {
			isa = PBXGroup;
			children = (
				383415FD281D63D2006817BC /* View */,
				383415FC281D63C8006817BC /* CellModel */,
			);
			path = PromotionCell;
			sourceTree = "<group>";
		};
		383415FC281D63C8006817BC /* CellModel */ = {
			isa = PBXGroup;
			children = (
				383415FE281D63EC006817BC /* PromotionCellModel.swift */,
			);
			path = CellModel;
			sourceTree = "<group>";
		};
		383415FD281D63D2006817BC /* View */ = {
			isa = PBXGroup;
			children = (
				383415F8281D5D3D006817BC /* PromotionCell.swift */,
				383415F9281D5D3D006817BC /* PromotionCell.xib */,
			);
			path = View;
			sourceTree = "<group>";
		};
		38341600281D67DF006817BC /* FilterView */ = {
			isa = PBXGroup;
			children = (
				38341601281D67F9006817BC /* FilterView.xib */,
				38341603281D6909006817BC /* FilterView.swift */,
			);
			path = FilterView;
			sourceTree = "<group>";
		};
		38341605281D72D3006817BC /* Model */ = {
			isa = PBXGroup;
			children = (
				38341606281D72E4006817BC /* Car.swift */,
			);
			path = Model;
			sourceTree = "<group>";
		};
		38341608281D7939006817BC /* Controllers */ = {
			isa = PBXGroup;
			children = (
				38341609281D7945006817BC /* MainViewController */,
			);
			path = Controllers;
			sourceTree = "<group>";
		};
		38341609281D7945006817BC /* MainViewController */ = {
			isa = PBXGroup;
			children = (
				3834160B281D7966006817BC /* Presenter */,
				3834160A281D795D006817BC /* View */,
			);
			path = MainViewController;
			sourceTree = "<group>";
		};
		3834160A281D795D006817BC /* View */ = {
			isa = PBXGroup;
			children = (
				38179AD3281C476E00937154 /* MainViewController.swift */,
				38179AD5281C476E00937154 /* Main.storyboard */,
			);
			path = View;
			sourceTree = "<group>";
		};
		3834160B281D7966006817BC /* Presenter */ = {
			isa = PBXGroup;
			children = (
				3834160C281D798A006817BC /* MainViewPresenter.swift */,
				3834160E281D79B7006817BC /* MainViewPresenterProtocol.swift */,
			);
			path = Presenter;
			sourceTree = "<group>";
		};
		38341610281D7B87006817BC /* Resources */ = {
			isa = PBXGroup;
			children = (
				38341611281D7B9C006817BC /* car_list.json */,
				3834161A281D80B7006817BC /* Constants.swift */,
			);
			path = Resources;
			sourceTree = "<group>";
		};
		38341613281D7F66006817BC /* CarInfoCell */ = {
			isa = PBXGroup;
			children = (
				38341616281D7FEA006817BC /* CarInfoCell.swift */,
				38341617281D7FEA006817BC /* CarInfoCell.xib */,
			);
			path = CarInfoCell;
			sourceTree = "<group>";
		};
/* End PBXGroup section */

/* Begin PBXNativeTarget section */
		38179ACB281C476E00937154 /* TestTaskForBell */ = {
			isa = PBXNativeTarget;
			buildConfigurationList = 38179AE0281C477100937154 /* Build configuration list for PBXNativeTarget "TestTaskForBell" */;
			buildPhases = (
				38179AC8281C476E00937154 /* Sources */,
				38179AC9281C476E00937154 /* Frameworks */,
				38179ACA281C476E00937154 /* Resources */,
			);
			buildRules = (
			);
			dependencies = (
			);
			name = TestTaskForBell;
			productName = TestTaskForBell;
			productReference = 38179ACC281C476E00937154 /* TestTaskForBell.app */;
			productType = "com.apple.product-type.application";
		};
/* End PBXNativeTarget section */

/* Begin PBXProject section */
		38179AC4281C476E00937154 /* Project object */ = {
			isa = PBXProject;
			attributes = {
				BuildIndependentTargetsInParallel = 1;
				LastSwiftUpdateCheck = 1320;
				LastUpgradeCheck = 1320;
				TargetAttributes = {
					38179ACB281C476E00937154 = {
						CreatedOnToolsVersion = 13.2.1;
					};
				};
			};
			buildConfigurationList = 38179AC7281C476E00937154 /* Build configuration list for PBXProject "TestTaskForBell" */;
			compatibilityVersion = "Xcode 13.0";
			developmentRegion = en;
			hasScannedForEncodings = 0;
			knownRegions = (
				en,
				Base,
			);
			mainGroup = 38179AC3281C476E00937154;
			productRefGroup = 38179ACD281C476E00937154 /* Products */;
			projectDirPath = "";
			projectRoot = "";
			targets = (
				38179ACB281C476E00937154 /* TestTaskForBell */,
			);
		};
/* End PBXProject section */

/* Begin PBXResourcesBuildPhase section */
		38179ACA281C476E00937154 /* Resources */ = {
			isa = PBXResourcesBuildPhase;
			buildActionMask = 2147483647;
			files = (
				38341619281D7FEA006817BC /* CarInfoCell.xib in Resources */,
				38341602281D67F9006817BC /* FilterView.xib in Resources */,
				38179ADC281C477100937154 /* LaunchScreen.storyboard in Resources */,
				383415FB281D5D3D006817BC /* PromotionCell.xib in Resources */,
				38179AD9281C477100937154 /* Assets.xcassets in Resources */,
				38341612281D7B9C006817BC /* car_list.json in Resources */,
				38179AD7281C476E00937154 /* Main.storyboard in Resources */,
			);
			runOnlyForDeploymentPostprocessing = 0;
		};
/* End PBXResourcesBuildPhase section */

/* Begin PBXSourcesBuildPhase section */
		38179AC8281C476E00937154 /* Sources */ = {
			isa = PBXSourcesBuildPhase;
			buildActionMask = 2147483647;
			files = (
				38179AD4281C476E00937154 /* MainViewController.swift in Sources */,
				3834161B281D80B7006817BC /* Constants.swift in Sources */,
				383415FA281D5D3D006817BC /* PromotionCell.swift in Sources */,
				38341618281D7FEA006817BC /* CarInfoCell.swift in Sources */,
				3834160D281D798A006817BC /* MainViewPresenter.swift in Sources */,
				38179AD0281C476E00937154 /* AppDelegate.swift in Sources */,
				38179AD2281C476E00937154 /* SceneDelegate.swift in Sources */,
				38341604281D6909006817BC /* FilterView.swift in Sources */,
				38341607281D72E4006817BC /* Car.swift in Sources */,
				3834160F281D79B7006817BC /* MainViewPresenterProtocol.swift in Sources */,
				383415FF281D63EC006817BC /* PromotionCellModel.swift in Sources */,
			);
			runOnlyForDeploymentPostprocessing = 0;
		};
/* End PBXSourcesBuildPhase section */

/* Begin PBXVariantGroup section */
		38179AD5281C476E00937154 /* Main.storyboard */ = {
			isa = PBXVariantGroup;
			children = (
				38179AD6281C476E00937154 /* Base */,
			);
			name = Main.storyboard;
			sourceTree = "<group>";
		};
		38179ADA281C477100937154 /* LaunchScreen.storyboard */ = {
			isa = PBXVariantGroup;
			children = (
				38179ADB281C477100937154 /* Base */,
			);
			name = LaunchScreen.storyboard;
			sourceTree = "<group>";
		};
/* End PBXVariantGroup section */

/* Begin XCBuildConfiguration section */
		38179ADE281C477100937154 /* Debug */ = {
			isa = XCBuildConfiguration;
			buildSettings = {
				ALWAYS_SEARCH_USER_PATHS = NO;
				CLANG_ANALYZER_NONNULL = YES;
				CLANG_ANALYZER_NUMBER_OBJECT_CONVERSION = YES_AGGRESSIVE;
				CLANG_CXX_LANGUAGE_STANDARD = "gnu++17";
				CLANG_CXX_LIBRARY = "libc++";
				CLANG_ENABLE_MODULES = YES;
				CLANG_ENABLE_OBJC_ARC = YES;
				CLANG_ENABLE_OBJC_WEAK = YES;
				CLANG_WARN_BLOCK_CAPTURE_AUTORELEASING = YES;
				CLANG_WARN_BOOL_CONVERSION = YES;
				CLANG_WARN_COMMA = YES;
				CLANG_WARN_CONSTANT_CONVERSION = YES;
				CLANG_WARN_DEPRECATED_OBJC_IMPLEMENTATIONS = YES;
				CLANG_WARN_DIRECT_OBJC_ISA_USAGE = YES_ERROR;
				CLANG_WARN_DOCUMENTATION_COMMENTS = YES;
				CLANG_WARN_EMPTY_BODY = YES;
				CLANG_WARN_ENUM_CONVERSION = YES;
				CLANG_WARN_INFINITE_RECURSION = YES;
				CLANG_WARN_INT_CONVERSION = YES;
				CLANG_WARN_NON_LITERAL_NULL_CONVERSION = YES;
				CLANG_WARN_OBJC_IMPLICIT_RETAIN_SELF = YES;
				CLANG_WARN_OBJC_LITERAL_CONVERSION = YES;
				CLANG_WARN_OBJC_ROOT_CLASS = YES_ERROR;
				CLANG_WARN_QUOTED_INCLUDE_IN_FRAMEWORK_HEADER = YES;
				CLANG_WARN_RANGE_LOOP_ANALYSIS = YES;
				CLANG_WARN_STRICT_PROTOTYPES = YES;
				CLANG_WARN_SUSPICIOUS_MOVE = YES;
				CLANG_WARN_UNGUARDED_AVAILABILITY = YES_AGGRESSIVE;
				CLANG_WARN_UNREACHABLE_CODE = YES;
				CLANG_WARN__DUPLICATE_METHOD_MATCH = YES;
				COPY_PHASE_STRIP = NO;
				DEBUG_INFORMATION_FORMAT = dwarf;
				ENABLE_STRICT_OBJC_MSGSEND = YES;
				ENABLE_TESTABILITY = YES;
				GCC_C_LANGUAGE_STANDARD = gnu11;
				GCC_DYNAMIC_NO_PIC = NO;
				GCC_NO_COMMON_BLOCKS = YES;
				GCC_OPTIMIZATION_LEVEL = 0;
				GCC_PREPROCESSOR_DEFINITIONS = (
					"DEBUG=1",
					"$(inherited)",
				);
				GCC_WARN_64_TO_32_BIT_CONVERSION = YES;
				GCC_WARN_ABOUT_RETURN_TYPE = YES_ERROR;
				GCC_WARN_UNDECLARED_SELECTOR = YES;
				GCC_WARN_UNINITIALIZED_AUTOS = YES_AGGRESSIVE;
				GCC_WARN_UNUSED_FUNCTION = YES;
				GCC_WARN_UNUSED_VARIABLE = YES;
				IPHONEOS_DEPLOYMENT_TARGET = 15.2;
				MTL_ENABLE_DEBUG_INFO = INCLUDE_SOURCE;
				MTL_FAST_MATH = YES;
				ONLY_ACTIVE_ARCH = YES;
				SDKROOT = iphoneos;
				SWIFT_ACTIVE_COMPILATION_CONDITIONS = DEBUG;
				SWIFT_OPTIMIZATION_LEVEL = "-Onone";
			};
			name = Debug;
		};
		38179ADF281C477100937154 /* Release */ = {
			isa = XCBuildConfiguration;
			buildSettings = {
				ALWAYS_SEARCH_USER_PATHS = NO;
				CLANG_ANALYZER_NONNULL = YES;
				CLANG_ANALYZER_NUMBER_OBJECT_CONVERSION = YES_AGGRESSIVE;
				CLANG_CXX_LANGUAGE_STANDARD = "gnu++17";
				CLANG_CXX_LIBRARY = "libc++";
				CLANG_ENABLE_MODULES = YES;
				CLANG_ENABLE_OBJC_ARC = YES;
				CLANG_ENABLE_OBJC_WEAK = YES;
				CLANG_WARN_BLOCK_CAPTURE_AUTORELEASING = YES;
				CLANG_WARN_BOOL_CONVERSION = YES;
				CLANG_WARN_COMMA = YES;
				CLANG_WARN_CONSTANT_CONVERSION = YES;
				CLANG_WARN_DEPRECATED_OBJC_IMPLEMENTATIONS = YES;
				CLANG_WARN_DIRECT_OBJC_ISA_USAGE = YES_ERROR;
				CLANG_WARN_DOCUMENTATION_COMMENTS = YES;
				CLANG_WARN_EMPTY_BODY = YES;
				CLANG_WARN_ENUM_CONVERSION = YES;
				CLANG_WARN_INFINITE_RECURSION = YES;
				CLANG_WARN_INT_CONVERSION = YES;
				CLANG_WARN_NON_LITERAL_NULL_CONVERSION = YES;
				CLANG_WARN_OBJC_IMPLICIT_RETAIN_SELF = YES;
				CLANG_WARN_OBJC_LITERAL_CONVERSION = YES;
				CLANG_WARN_OBJC_ROOT_CLASS = YES_ERROR;
				CLANG_WARN_QUOTED_INCLUDE_IN_FRAMEWORK_HEADER = YES;
				CLANG_WARN_RANGE_LOOP_ANALYSIS = YES;
				CLANG_WARN_STRICT_PROTOTYPES = YES;
				CLANG_WARN_SUSPICIOUS_MOVE = YES;
				CLANG_WARN_UNGUARDED_AVAILABILITY = YES_AGGRESSIVE;
				CLANG_WARN_UNREACHABLE_CODE = YES;
				CLANG_WARN__DUPLICATE_METHOD_MATCH = YES;
				COPY_PHASE_STRIP = NO;
				DEBUG_INFORMATION_FORMAT = "dwarf-with-dsym";
				ENABLE_NS_ASSERTIONS = NO;
				ENABLE_STRICT_OBJC_MSGSEND = YES;
				GCC_C_LANGUAGE_STANDARD = gnu11;
				GCC_NO_COMMON_BLOCKS = YES;
				GCC_WARN_64_TO_32_BIT_CONVERSION = YES;
				GCC_WARN_ABOUT_RETURN_TYPE = YES_ERROR;
				GCC_WARN_UNDECLARED_SELECTOR = YES;
				GCC_WARN_UNINITIALIZED_AUTOS = YES_AGGRESSIVE;
				GCC_WARN_UNUSED_FUNCTION = YES;
				GCC_WARN_UNUSED_VARIABLE = YES;
				IPHONEOS_DEPLOYMENT_TARGET = 15.2;
				MTL_ENABLE_DEBUG_INFO = NO;
				MTL_FAST_MATH = YES;
				SDKROOT = iphoneos;
				SWIFT_COMPILATION_MODE = wholemodule;
				SWIFT_OPTIMIZATION_LEVEL = "-O";
				VALIDATE_PRODUCT = YES;
			};
			name = Release;
		};
		38179AE1281C477100937154 /* Debug */ = {
			isa = XCBuildConfiguration;
			buildSettings = {
				ASSETCATALOG_COMPILER_APPICON_NAME = AppIcon;
				ASSETCATALOG_COMPILER_GLOBAL_ACCENT_COLOR_NAME = AccentColor;
				CODE_SIGN_STYLE = Automatic;
				CURRENT_PROJECT_VERSION = 1;
				DEVELOPMENT_TEAM = RA46FA8GJ3;
				GENERATE_INFOPLIST_FILE = YES;
				INFOPLIST_FILE = TestTaskForBell/Info.plist;
				INFOPLIST_KEY_UIApplicationSupportsIndirectInputEvents = YES;
				INFOPLIST_KEY_UILaunchStoryboardName = LaunchScreen;
				INFOPLIST_KEY_UIMainStoryboardFile = Main;
				INFOPLIST_KEY_UISupportedInterfaceOrientations_iPad = "UIInterfaceOrientationPortrait UIInterfaceOrientationPortraitUpsideDown UIInterfaceOrientationLandscapeLeft UIInterfaceOrientationLandscapeRight";
				INFOPLIST_KEY_UISupportedInterfaceOrientations_iPhone = "UIInterfaceOrientationPortrait UIInterfaceOrientationLandscapeLeft UIInterfaceOrientationLandscapeRight";
				LD_RUNPATH_SEARCH_PATHS = (
					"$(inherited)",
					"@executable_path/Frameworks",
				);
				MARKETING_VERSION = 1.0;
				PRODUCT_BUNDLE_IDENTIFIER = nikita.org.TestTaskForBell;
				PRODUCT_NAME = "$(TARGET_NAME)";
				SWIFT_EMIT_LOC_STRINGS = YES;
				SWIFT_VERSION = 5.0;
				TARGETED_DEVICE_FAMILY = "1,2";
			};
			name = Debug;
		};
		38179AE2281C477100937154 /* Release */ = {
			isa = XCBuildConfiguration;
			buildSettings = {
				ASSETCATALOG_COMPILER_APPICON_NAME = AppIcon;
				ASSETCATALOG_COMPILER_GLOBAL_ACCENT_COLOR_NAME = AccentColor;
				CODE_SIGN_STYLE = Automatic;
				CURRENT_PROJECT_VERSION = 1;
				DEVELOPMENT_TEAM = RA46FA8GJ3;
				GENERATE_INFOPLIST_FILE = YES;
				INFOPLIST_FILE = TestTaskForBell/Info.plist;
				INFOPLIST_KEY_UIApplicationSupportsIndirectInputEvents = YES;
				INFOPLIST_KEY_UILaunchStoryboardName = LaunchScreen;
				INFOPLIST_KEY_UIMainStoryboardFile = Main;
				INFOPLIST_KEY_UISupportedInterfaceOrientations_iPad = "UIInterfaceOrientationPortrait UIInterfaceOrientationPortraitUpsideDown UIInterfaceOrientationLandscapeLeft UIInterfaceOrientationLandscapeRight";
				INFOPLIST_KEY_UISupportedInterfaceOrientations_iPhone = "UIInterfaceOrientationPortrait UIInterfaceOrientationLandscapeLeft UIInterfaceOrientationLandscapeRight";
				LD_RUNPATH_SEARCH_PATHS = (
					"$(inherited)",
					"@executable_path/Frameworks",
				);
				MARKETING_VERSION = 1.0;
				PRODUCT_BUNDLE_IDENTIFIER = nikita.org.TestTaskForBell;
				PRODUCT_NAME = "$(TARGET_NAME)";
				SWIFT_EMIT_LOC_STRINGS = YES;
				SWIFT_VERSION = 5.0;
				TARGETED_DEVICE_FAMILY = "1,2";
			};
			name = Release;
		};
/* End XCBuildConfiguration section */

/* Begin XCConfigurationList section */
		38179AC7281C476E00937154 /* Build configuration list for PBXProject "TestTaskForBell" */ = {
			isa = XCConfigurationList;
			buildConfigurations = (
				38179ADE281C477100937154 /* Debug */,
				38179ADF281C477100937154 /* Release */,
			);
			defaultConfigurationIsVisible = 0;
			defaultConfigurationName = Release;
		};
		38179AE0281C477100937154 /* Build configuration list for PBXNativeTarget "TestTaskForBell" */ = {
			isa = XCConfigurationList;
			buildConfigurations = (
				38179AE1281C477100937154 /* Debug */,
				38179AE2281C477100937154 /* Release */,
			);
			defaultConfigurationIsVisible = 0;
			defaultConfigurationName = Release;
		};
/* End XCConfigurationList section */
	};
	rootObject = 38179AC4281C476E00937154 /* Project object */;
}
